
Microsoft Visual Studio Solution File, Format Version 12.00
# Visual Studio Version 17
VisualStudioVersion = 17.3.32901.215
MinimumVisualStudioVersion = 10.0.40219.1
Project("{FAE04EC0-301F-11D3-BF4B-00C04F79EFBC}") = "OrderWebApiCore", "OrderWebApiCore\OrderWebApiCore.csproj", "{C1B68955-6E96-487F-9EF1-0A768B9A2E6D}"
EndProject
Global
	GlobalSection(SolutionConfigurationPlatforms) = preSolution
		Debug|Any CPU = Debug|Any CPU
		Release|Any CPU = Release|Any CPU
	EndGlobalSection
	GlobalSection(ProjectConfigurationPlatforms) = postSolution
		{C1B68955-6E96-487F-9EF1-0A768B9A2E6D}.Debug|Any CPU.ActiveCfg = Debug|Any CPU
		{C1B68955-6E96-487F-9EF1-0A768B9A2E6D}.Debug|Any CPU.Build.0 = Debug|Any CPU
		{C1B68955-6E96-487F-9EF1-0A768B9A2E6D}.Release|Any CPU.ActiveCfg = Release|Any CPU
		{C1B68955-6E96-487F-9EF1-0A768B9A2E6D}.Release|Any CPU.Build.0 = Release|Any CPU
	EndGlobalSection
	GlobalSection(SolutionProperties) = preSolution
		HideSolutionNode = FALSE
	EndGlobalSection
	GlobalSection(ExtensibilityGlobals) = postSolution
		SolutionGuid = {66C604C5-90C9-4D32-829A-20C8E02CE3B9}
	EndGlobalSection
EndGlobal
